
Microsoft Visual Studio Solution File, Format Version 12.00
# Visual Studio Version 17
VisualStudioVersion = 17.10.35013.160
MinimumVisualStudioVersion = 10.0.40219.1
Project("{FAE04EC0-301F-11D3-BF4B-00C04F79EFBC}") = "SisControlApi", "SisControlApi.csproj", "{F784AE6A-7E9B-4599-8015-AA38A54E9F19}"
EndProject
Global
	GlobalSection(SolutionConfigurationPlatforms) = preSolution
		Debug|Any CPU = Debug|Any CPU
		Release|Any CPU = Release|Any CPU
	EndGlobalSection
	GlobalSection(ProjectConfigurationPlatforms) = postSolution
		{F784AE6A-7E9B-4599-8015-AA38A54E9F19}.Debug|Any CPU.ActiveCfg = Debug|Any CPU
		{F784AE6A-7E9B-4599-8015-AA38A54E9F19}.Debug|Any CPU.Build.0 = Debug|Any CPU
		{F784AE6A-7E9B-4599-8015-AA38A54E9F19}.Release|Any CPU.ActiveCfg = Release|Any CPU
		{F784AE6A-7E9B-4599-8015-AA38A54E9F19}.Release|Any CPU.Build.0 = Release|Any CPU
	EndGlobalSection
	GlobalSection(SolutionProperties) = preSolution
		HideSolutionNode = FALSE
	EndGlobalSection
	GlobalSection(ExtensibilityGlobals) = postSolution
		SolutionGuid = {D94FCEC8-0418-4005-9177-396135DEBCA2}
	EndGlobalSection
EndGlobal
